
Microsoft Visual Studio Solution File, Format Version 12.00
# Visual Studio Version 17
VisualStudioVersion = 17.7.34031.279
MinimumVisualStudioVersion = 10.0.40219.1
Project("{FAE04EC0-301F-11D3-BF4B-00C04F79EFBC}") = "Sistema.Ventas", "Sistema.Ventas\Sistema.Ventas.csproj", "{095D4E8D-57D1-4883-BBE6-5042C6D11A73}"
EndProject
Project("{FAE04EC0-301F-11D3-BF4B-00C04F79EFBC}") = "Ventas.BSS", "Ventas.BSS\Ventas.BSS.csproj", "{36033FD4-548D-48A2-9EC4-23CA0CC065EB}"
EndProject
Project("{FAE04EC0-301F-11D3-BF4B-00C04F79EFBC}") = "Ventas.Vista", "Ventas.Vista\Ventas.Vista.csproj", "{9DA7076F-7ACC-45A6-8A3F-225D763E0E33}"
EndProject
Global
	GlobalSection(SolutionConfigurationPlatforms) = preSolution
		Debug|Any CPU = Debug|Any CPU
		Release|Any CPU = Release|Any CPU
	EndGlobalSection
	GlobalSection(ProjectConfigurationPlatforms) = postSolution
		{095D4E8D-57D1-4883-BBE6-5042C6D11A73}.Debug|Any CPU.ActiveCfg = Debug|Any CPU
		{095D4E8D-57D1-4883-BBE6-5042C6D11A73}.Debug|Any CPU.Build.0 = Debug|Any CPU
		{095D4E8D-57D1-4883-BBE6-5042C6D11A73}.Release|Any CPU.ActiveCfg = Release|Any CPU
		{095D4E8D-57D1-4883-BBE6-5042C6D11A73}.Release|Any CPU.Build.0 = Release|Any CPU
		{36033FD4-548D-48A2-9EC4-23CA0CC065EB}.Debug|Any CPU.ActiveCfg = Debug|Any CPU
		{36033FD4-548D-48A2-9EC4-23CA0CC065EB}.Debug|Any CPU.Build.0 = Debug|Any CPU
		{36033FD4-548D-48A2-9EC4-23CA0CC065EB}.Release|Any CPU.ActiveCfg = Release|Any CPU
		{36033FD4-548D-48A2-9EC4-23CA0CC065EB}.Release|Any CPU.Build.0 = Release|Any CPU
		{9DA7076F-7ACC-45A6-8A3F-225D763E0E33}.Debug|Any CPU.ActiveCfg = Debug|Any CPU
		{9DA7076F-7ACC-45A6-8A3F-225D763E0E33}.Debug|Any CPU.Build.0 = Debug|Any CPU
		{9DA7076F-7ACC-45A6-8A3F-225D763E0E33}.Release|Any CPU.ActiveCfg = Release|Any CPU
		{9DA7076F-7ACC-45A6-8A3F-225D763E0E33}.Release|Any CPU.Build.0 = Release|Any CPU
	EndGlobalSection
	GlobalSection(SolutionProperties) = preSolution
		HideSolutionNode = FALSE
	EndGlobalSection
	GlobalSection(ExtensibilityGlobals) = postSolution
		SolutionGuid = {96660096-9EA8-4E0F-94FA-53FA973EA76D}
	EndGlobalSection
EndGlobal
